
Microsoft Visual Studio Solution File, Format Version 12.00
# Visual Studio Version 17
VisualStudioVersion = 17.0.31903.59
MinimumVisualStudioVersion = 10.0.40219.1
Project("{FAE04EC0-301F-11D3-BF4B-00C04F79EFBC}") = "Web", "Web\Web.csproj", "{F0D41F00-E04B-4255-B8C4-8A37D90AF10D}"
EndProject
Project("{FAE04EC0-301F-11D3-BF4B-00C04F79EFBC}") = "Service", "Service\Service.csproj", "{008C6780-45C1-4414-8FB5-425614F7A059}"
EndProject
Project("{FAE04EC0-301F-11D3-BF4B-00C04F79EFBC}") = "Repository", "Repository\Repository.csproj", "{8C2FC24D-7E4A-4136-AB1C-6DD4A114F992}"
EndProject
Project("{FAE04EC0-301F-11D3-BF4B-00C04F79EFBC}") = "API", "API\API.csproj", "{043D1897-3532-4EE3-A5DA-29DB1CD248DD}"
EndProject
Project("{FAE04EC0-301F-11D3-BF4B-00C04F79EFBC}") = "SmartPlate.Web", "SmartPlate.Web\SmartPlate.Web.csproj", "{523255BB-9069-4490-BC82-0E67924AF73D}"
EndProject
Project("{FAE04EC0-301F-11D3-BF4B-00C04F79EFBC}") = "SmartPlate.Infrastructure", "SmartPlate.Infrastructure\SmartPlate.Infrastructure.csproj", "{CD7238A0-199A-4142-A54C-44D3685DD878}"
EndProject
Project("{FAE04EC0-301F-11D3-BF4B-00C04F79EFBC}") = "SmartPlate.Domain", "SmartPlate.Domain\SmartPlate.Domain.csproj", "{50CD7093-641C-4CBB-A5EC-338A6424EBD4}"
EndProject
Project("{FAE04EC0-301F-11D3-BF4B-00C04F79EFBC}") = "SmartPlate.API", "SmartPlate.API\SmartPlate.API.csproj", "{49425868-A372-44A7-9DC2-1EE536283518}"
EndProject
Global
	GlobalSection(SolutionConfigurationPlatforms) = preSolution
		Debug|Any CPU = Debug|Any CPU
		Release|Any CPU = Release|Any CPU
	EndGlobalSection
	GlobalSection(SolutionProperties) = preSolution
		HideSolutionNode = FALSE
	EndGlobalSection
	GlobalSection(ProjectConfigurationPlatforms) = postSolution
		{F0D41F00-E04B-4255-B8C4-8A37D90AF10D}.Debug|Any CPU.ActiveCfg = Debug|Any CPU
		{F0D41F00-E04B-4255-B8C4-8A37D90AF10D}.Debug|Any CPU.Build.0 = Debug|Any CPU
		{F0D41F00-E04B-4255-B8C4-8A37D90AF10D}.Release|Any CPU.ActiveCfg = Release|Any CPU
		{F0D41F00-E04B-4255-B8C4-8A37D90AF10D}.Release|Any CPU.Build.0 = Release|Any CPU
		{008C6780-45C1-4414-8FB5-425614F7A059}.Debug|Any CPU.ActiveCfg = Debug|Any CPU
		{008C6780-45C1-4414-8FB5-425614F7A059}.Debug|Any CPU.Build.0 = Debug|Any CPU
		{008C6780-45C1-4414-8FB5-425614F7A059}.Release|Any CPU.ActiveCfg = Release|Any CPU
		{008C6780-45C1-4414-8FB5-425614F7A059}.Release|Any CPU.Build.0 = Release|Any CPU
		{8C2FC24D-7E4A-4136-AB1C-6DD4A114F992}.Debug|Any CPU.ActiveCfg = Debug|Any CPU
		{8C2FC24D-7E4A-4136-AB1C-6DD4A114F992}.Debug|Any CPU.Build.0 = Debug|Any CPU
		{8C2FC24D-7E4A-4136-AB1C-6DD4A114F992}.Release|Any CPU.ActiveCfg = Release|Any CPU
		{8C2FC24D-7E4A-4136-AB1C-6DD4A114F992}.Release|Any CPU.Build.0 = Release|Any CPU
		{043D1897-3532-4EE3-A5DA-29DB1CD248DD}.Debug|Any CPU.ActiveCfg = Debug|Any CPU
		{043D1897-3532-4EE3-A5DA-29DB1CD248DD}.Debug|Any CPU.Build.0 = Debug|Any CPU
		{043D1897-3532-4EE3-A5DA-29DB1CD248DD}.Release|Any CPU.ActiveCfg = Release|Any CPU
		{043D1897-3532-4EE3-A5DA-29DB1CD248DD}.Release|Any CPU.Build.0 = Release|Any CPU
		{523255BB-9069-4490-BC82-0E67924AF73D}.Debug|Any CPU.ActiveCfg = Debug|Any CPU
		{523255BB-9069-4490-BC82-0E67924AF73D}.Debug|Any CPU.Build.0 = Debug|Any CPU
		{523255BB-9069-4490-BC82-0E67924AF73D}.Release|Any CPU.ActiveCfg = Release|Any CPU
		{523255BB-9069-4490-BC82-0E67924AF73D}.Release|Any CPU.Build.0 = Release|Any CPU
		{CD7238A0-199A-4142-A54C-44D3685DD878}.Debug|Any CPU.ActiveCfg = Debug|Any CPU
		{CD7238A0-199A-4142-A54C-44D3685DD878}.Debug|Any CPU.Build.0 = Debug|Any CPU
		{CD7238A0-199A-4142-A54C-44D3685DD878}.Release|Any CPU.ActiveCfg = Release|Any CPU
		{CD7238A0-199A-4142-A54C-44D3685DD878}.Release|Any CPU.Build.0 = Release|Any CPU
		{50CD7093-641C-4CBB-A5EC-338A6424EBD4}.Debug|Any CPU.ActiveCfg = Debug|Any CPU
		{50CD7093-641C-4CBB-A5EC-338A6424EBD4}.Debug|Any CPU.Build.0 = Debug|Any CPU
		{50CD7093-641C-4CBB-A5EC-338A6424EBD4}.Release|Any CPU.ActiveCfg = Release|Any CPU
		{50CD7093-641C-4CBB-A5EC-338A6424EBD4}.Release|Any CPU.Build.0 = Release|Any CPU
		{49425868-A372-44A7-9DC2-1EE536283518}.Debug|Any CPU.ActiveCfg = Debug|Any CPU
		{49425868-A372-44A7-9DC2-1EE536283518}.Debug|Any CPU.Build.0 = Debug|Any CPU
		{49425868-A372-44A7-9DC2-1EE536283518}.Release|Any CPU.ActiveCfg = Release|Any CPU
		{49425868-A372-44A7-9DC2-1EE536283518}.Release|Any CPU.Build.0 = Release|Any CPU
	EndGlobalSection
EndGlobal
